
Microsoft Visual Studio Solution File, Format Version 12.00
# Visual Studio 15
VisualStudioVersion = 15.0.28307.539
MinimumVisualStudioVersion = 10.0.40219.1
Project("{FAE04EC0-301F-11D3-BF4B-00C04F79EFBC}") = "Laba2 v2", "Paging\Laba2 v2.csproj", "{639F3D42-ADB6-4C1A-9BCB-5C94B05CEA99}"
EndProject
Global
	GlobalSection(SolutionConfigurationPlatforms) = preSolution
		Debug|Any CPU = Debug|Any CPU
		Release|Any CPU = Release|Any CPU
	EndGlobalSection
	GlobalSection(ProjectConfigurationPlatforms) = postSolution
		{639F3D42-ADB6-4C1A-9BCB-5C94B05CEA99}.Debug|Any CPU.ActiveCfg = Debug|Any CPU
		{639F3D42-ADB6-4C1A-9BCB-5C94B05CEA99}.Debug|Any CPU.Build.0 = Debug|Any CPU
		{639F3D42-ADB6-4C1A-9BCB-5C94B05CEA99}.Release|Any CPU.ActiveCfg = Release|Any CPU
		{639F3D42-ADB6-4C1A-9BCB-5C94B05CEA99}.Release|Any CPU.Build.0 = Release|Any CPU
	EndGlobalSection
	GlobalSection(SolutionProperties) = preSolution
		HideSolutionNode = FALSE
	EndGlobalSection
	GlobalSection(ExtensibilityGlobals) = postSolution
		SolutionGuid = {14B2217E-9D8B-441E-8BC3-05E52BCF83D9}
	EndGlobalSection
EndGlobal
